
Microsoft Visual Studio Solution File, Format Version 12.00
# Visual Studio 15
VisualStudioVersion = 15.0.27130.2027
MinimumVisualStudioVersion = 10.0.40219.1
Project("{FAE04EC0-301F-11D3-BF4B-00C04F79EFBC}") = "Corespa.Repositories", "Corespa.Repositories\Corespa.Repositories.csproj", "{5A6989EB-7037-43B7-AA0D-21BA852DC251}"
EndProject
Project("{FAE04EC0-301F-11D3-BF4B-00C04F79EFBC}") = "Corespa", "Corespa\Corespa.csproj", "{3AC4C9F6-1E05-4202-ABA2-5923D667C553}"
EndProject
Global
	GlobalSection(SolutionConfigurationPlatforms) = preSolution
		Debug|Any CPU = Debug|Any CPU
		Release|Any CPU = Release|Any CPU
	EndGlobalSection
	GlobalSection(ProjectConfigurationPlatforms) = postSolution
		{5A6989EB-7037-43B7-AA0D-21BA852DC251}.Debug|Any CPU.ActiveCfg = Debug|Any CPU
		{5A6989EB-7037-43B7-AA0D-21BA852DC251}.Debug|Any CPU.Build.0 = Debug|Any CPU
		{5A6989EB-7037-43B7-AA0D-21BA852DC251}.Release|Any CPU.ActiveCfg = Release|Any CPU
		{5A6989EB-7037-43B7-AA0D-21BA852DC251}.Release|Any CPU.Build.0 = Release|Any CPU
		{3AC4C9F6-1E05-4202-ABA2-5923D667C553}.Debug|Any CPU.ActiveCfg = Debug|Any CPU
		{3AC4C9F6-1E05-4202-ABA2-5923D667C553}.Debug|Any CPU.Build.0 = Debug|Any CPU
		{3AC4C9F6-1E05-4202-ABA2-5923D667C553}.Release|Any CPU.ActiveCfg = Release|Any CPU
		{3AC4C9F6-1E05-4202-ABA2-5923D667C553}.Release|Any CPU.Build.0 = Release|Any CPU
	EndGlobalSection
	GlobalSection(SolutionProperties) = preSolution
		HideSolutionNode = FALSE
	EndGlobalSection
	GlobalSection(ExtensibilityGlobals) = postSolution
		SolutionGuid = {52F3574E-883C-4258-ADD9-B442A10C5522}
	EndGlobalSection
EndGlobal
